
Microsoft Visual Studio Solution File, Format Version 12.00
# Visual Studio 2012
Project("{FAE04EC0-301F-11D3-BF4B-00C04F79EFBC}") = "MotionUtil", "MotionUtil\MotionUtil.csproj", "{D7632895-7A65-4BDD-9788-AF42DB82CC07}"
EndProject
Project("{FAE04EC0-301F-11D3-BF4B-00C04F79EFBC}") = "ApplyOffsetPlugin", "ApplyOffsetPlugin\ApplyOffsetPlugin.csproj", "{E31B8BEC-E8F8-4513-9ADC-43AE641F1A7F}"
EndProject
Project("{FAE04EC0-301F-11D3-BF4B-00C04F79EFBC}") = "ApplyNoisePlugin", "ApplyNoisePlugin\ApplyNoisePlugin.csproj", "{62278749-7083-4D8D-8F00-599F88489E3D}"
EndProject
Project("{FAE04EC0-301F-11D3-BF4B-00C04F79EFBC}") = "DetailedStatusPlugin", "DetailedStatusPlugin\DetailedStatusPlugin.csproj", "{75EF07E6-3FA7-4433-95B1-1C0DFCFFBB05}"
EndProject
Project("{FAE04EC0-301F-11D3-BF4B-00C04F79EFBC}") = "GetMmdTransformationPlugin", "GetMmdTransformationPlugin\GetMmdTransformationPlugin.csproj", "{28C06CEA-335F-4B52-BDBC-8DBD7DBA9FBE}"
	ProjectSection(ProjectDependencies) = postProject
		{7D5F15D3-4A4A-44E7-B8A8-A3A85AE14819} = {7D5F15D3-4A4A-44E7-B8A8-A3A85AE14819}
		{3F81EBD7-D9B0-41D2-87EE-8E087B719258} = {3F81EBD7-D9B0-41D2-87EE-8E087B719258}
	EndProjectSection
EndProject
Project("{FAE04EC0-301F-11D3-BF4B-00C04F79EFBC}") = "SetMmdTransformationPlugin", "SetMmdTransformationPlugin\SetMmdTransformationPlugin.csproj", "{50CF0299-37D5-4301-BBCE-E3A551EB772D}"
EndProject
Project("{8BC9CEB8-8B4A-11D0-8D11-00A0C91BC942}") = "GetMmdTransformationProxy", "GetMmdTransformationProxy\GetMmdTransformationProxy.vcxproj", "{7D5F15D3-4A4A-44E7-B8A8-A3A85AE14819}"
EndProject
Project("{FAE04EC0-301F-11D3-BF4B-00C04F79EFBC}") = "ApplyRotationPlugin", "ApplyRotationPlugin\ApplyRotationPlugin.csproj", "{6983BC0C-125A-4813-8D8D-4EA833780FAC}"
EndProject
Project("{FAE04EC0-301F-11D3-BF4B-00C04F79EFBC}") = "AnimateCaptionPlugin", "AnimateCaptionPlugin\AnimateCaptionPlugin.csproj", "{6B0640C1-7BC7-4C6D-BAD5-354E6B5DD2A1}"
EndProject
Project("{FAE04EC0-301F-11D3-BF4B-00C04F79EFBC}") = "BeatBasedCopyPlugin", "BeatBasedCopyPlugin\BeatBasedCopyPlugin.csproj", "{1298F906-C564-4988-85F8-E71BDDD83F16}"
EndProject
Project("{FAE04EC0-301F-11D3-BF4B-00C04F79EFBC}") = "DetailedTimePlugin", "DetailedTimePlugin\DetailedTimePlugin.csproj", "{5A461B6D-5E6B-4809-B5A7-D550FB6C1CF5}"
EndProject
Project("{FAE04EC0-301F-11D3-BF4B-00C04F79EFBC}") = "RevertFramesPlugin", "RevertFramesPlugin\RevertFramesPlugin.csproj", "{AA212597-BF41-4773-89BA-8F6FEF2CB98D}"
EndProject
Project("{FAE04EC0-301F-11D3-BF4B-00C04F79EFBC}") = "GetMmdTransformationContainer64", "GetMmdTransformationContainer64\GetMmdTransformationContainer64.csproj", "{3F81EBD7-D9B0-41D2-87EE-8E087B719258}"
EndProject
Project("{2150E333-8FDC-42A3-9474-1A3956D46DE8}") = "Solution Items", "Solution Items", "{C680A741-E04F-41C9-B2FD-C1AF3FB3EC9D}"
	ProjectSection(SolutionItems) = preProject
		MMMInstallPlugin.bat = MMMInstallPlugin.bat
		readme.txt = readme.txt
	EndProjectSection
EndProject
Global
	GlobalSection(SolutionConfigurationPlatforms) = preSolution
		Debug|Any CPU = Debug|Any CPU
		Debug|Mixed Platforms = Debug|Mixed Platforms
		Debug|Win32 = Debug|Win32
		Debug|x64 = Debug|x64
		Release|Any CPU = Release|Any CPU
		Release|Mixed Platforms = Release|Mixed Platforms
		Release|Win32 = Release|Win32
		Release|x64 = Release|x64
	EndGlobalSection
	GlobalSection(ProjectConfigurationPlatforms) = postSolution
		{D7632895-7A65-4BDD-9788-AF42DB82CC07}.Debug|Any CPU.ActiveCfg = Debug|Any CPU
		{D7632895-7A65-4BDD-9788-AF42DB82CC07}.Debug|Any CPU.Build.0 = Debug|Any CPU
		{D7632895-7A65-4BDD-9788-AF42DB82CC07}.Debug|Mixed Platforms.ActiveCfg = Debug|Any CPU
		{D7632895-7A65-4BDD-9788-AF42DB82CC07}.Debug|Mixed Platforms.Build.0 = Debug|Any CPU
		{D7632895-7A65-4BDD-9788-AF42DB82CC07}.Debug|Win32.ActiveCfg = Debug|Any CPU
		{D7632895-7A65-4BDD-9788-AF42DB82CC07}.Debug|Win32.Build.0 = Debug|Any CPU
		{D7632895-7A65-4BDD-9788-AF42DB82CC07}.Debug|x64.ActiveCfg = Debug|Any CPU
		{D7632895-7A65-4BDD-9788-AF42DB82CC07}.Debug|x64.Build.0 = Debug|Any CPU
		{D7632895-7A65-4BDD-9788-AF42DB82CC07}.Release|Any CPU.ActiveCfg = Release|Any CPU
		{D7632895-7A65-4BDD-9788-AF42DB82CC07}.Release|Any CPU.Build.0 = Release|Any CPU
		{D7632895-7A65-4BDD-9788-AF42DB82CC07}.Release|Mixed Platforms.ActiveCfg = Release|Any CPU
		{D7632895-7A65-4BDD-9788-AF42DB82CC07}.Release|Mixed Platforms.Build.0 = Release|Any CPU
		{D7632895-7A65-4BDD-9788-AF42DB82CC07}.Release|Win32.ActiveCfg = Release|Any CPU
		{D7632895-7A65-4BDD-9788-AF42DB82CC07}.Release|Win32.Build.0 = Release|Any CPU
		{D7632895-7A65-4BDD-9788-AF42DB82CC07}.Release|x64.ActiveCfg = Release|Any CPU
		{D7632895-7A65-4BDD-9788-AF42DB82CC07}.Release|x64.Build.0 = Release|Any CPU
		{E31B8BEC-E8F8-4513-9ADC-43AE641F1A7F}.Debug|Any CPU.ActiveCfg = Debug|Any CPU
		{E31B8BEC-E8F8-4513-9ADC-43AE641F1A7F}.Debug|Any CPU.Build.0 = Debug|Any CPU
		{E31B8BEC-E8F8-4513-9ADC-43AE641F1A7F}.Debug|Mixed Platforms.ActiveCfg = Debug|Any CPU
		{E31B8BEC-E8F8-4513-9ADC-43AE641F1A7F}.Debug|Mixed Platforms.Build.0 = Debug|Any CPU
		{E31B8BEC-E8F8-4513-9ADC-43AE641F1A7F}.Debug|Win32.ActiveCfg = Debug|Any CPU
		{E31B8BEC-E8F8-4513-9ADC-43AE641F1A7F}.Debug|Win32.Build.0 = Debug|Any CPU
		{E31B8BEC-E8F8-4513-9ADC-43AE641F1A7F}.Debug|x64.ActiveCfg = Debug|Any CPU
		{E31B8BEC-E8F8-4513-9ADC-43AE641F1A7F}.Debug|x64.Build.0 = Debug|Any CPU
		{E31B8BEC-E8F8-4513-9ADC-43AE641F1A7F}.Release|Any CPU.ActiveCfg = Release|Any CPU
		{E31B8BEC-E8F8-4513-9ADC-43AE641F1A7F}.Release|Any CPU.Build.0 = Release|Any CPU
		{E31B8BEC-E8F8-4513-9ADC-43AE641F1A7F}.Release|Mixed Platforms.ActiveCfg = Release|Any CPU
		{E31B8BEC-E8F8-4513-9ADC-43AE641F1A7F}.Release|Mixed Platforms.Build.0 = Release|Any CPU
		{E31B8BEC-E8F8-4513-9ADC-43AE641F1A7F}.Release|Win32.ActiveCfg = Release|Any CPU
		{E31B8BEC-E8F8-4513-9ADC-43AE641F1A7F}.Release|Win32.Build.0 = Release|Any CPU
		{E31B8BEC-E8F8-4513-9ADC-43AE641F1A7F}.Release|x64.ActiveCfg = Release|Any CPU
		{E31B8BEC-E8F8-4513-9ADC-43AE641F1A7F}.Release|x64.Build.0 = Release|Any CPU
		{62278749-7083-4D8D-8F00-599F88489E3D}.Debug|Any CPU.ActiveCfg = Debug|Any CPU
		{62278749-7083-4D8D-8F00-599F88489E3D}.Debug|Any CPU.Build.0 = Debug|Any CPU
		{62278749-7083-4D8D-8F00-599F88489E3D}.Debug|Mixed Platforms.ActiveCfg = Debug|Any CPU
		{62278749-7083-4D8D-8F00-599F88489E3D}.Debug|Mixed Platforms.Build.0 = Debug|Any CPU
		{62278749-7083-4D8D-8F00-599F88489E3D}.Debug|Win32.ActiveCfg = Debug|Any CPU
		{62278749-7083-4D8D-8F00-599F88489E3D}.Debug|Win32.Build.0 = Debug|Any CPU
		{62278749-7083-4D8D-8F00-599F88489E3D}.Debug|x64.ActiveCfg = Debug|Any CPU
		{62278749-7083-4D8D-8F00-599F88489E3D}.Debug|x64.Build.0 = Debug|Any CPU
		{62278749-7083-4D8D-8F00-599F88489E3D}.Release|Any CPU.ActiveCfg = Release|Any CPU
		{62278749-7083-4D8D-8F00-599F88489E3D}.Release|Any CPU.Build.0 = Release|Any CPU
		{62278749-7083-4D8D-8F00-599F88489E3D}.Release|Mixed Platforms.ActiveCfg = Release|Any CPU
		{62278749-7083-4D8D-8F00-599F88489E3D}.Release|Mixed Platforms.Build.0 = Release|Any CPU
		{62278749-7083-4D8D-8F00-599F88489E3D}.Release|Win32.ActiveCfg = Release|Any CPU
		{62278749-7083-4D8D-8F00-599F88489E3D}.Release|Win32.Build.0 = Release|Any CPU
		{62278749-7083-4D8D-8F00-599F88489E3D}.Release|x64.ActiveCfg = Release|Any CPU
		{62278749-7083-4D8D-8F00-599F88489E3D}.Release|x64.Build.0 = Release|Any CPU
		{75EF07E6-3FA7-4433-95B1-1C0DFCFFBB05}.Debug|Any CPU.ActiveCfg = Debug|Any CPU
		{75EF07E6-3FA7-4433-95B1-1C0DFCFFBB05}.Debug|Any CPU.Build.0 = Debug|Any CPU
		{75EF07E6-3FA7-4433-95B1-1C0DFCFFBB05}.Debug|Mixed Platforms.ActiveCfg = Debug|Any CPU
		{75EF07E6-3FA7-4433-95B1-1C0DFCFFBB05}.Debug|Mixed Platforms.Build.0 = Debug|Any CPU
		{75EF07E6-3FA7-4433-95B1-1C0DFCFFBB05}.Debug|Win32.ActiveCfg = Debug|Any CPU
		{75EF07E6-3FA7-4433-95B1-1C0DFCFFBB05}.Debug|Win32.Build.0 = Debug|Any CPU
		{75EF07E6-3FA7-4433-95B1-1C0DFCFFBB05}.Debug|x64.ActiveCfg = Debug|Any CPU
		{75EF07E6-3FA7-4433-95B1-1C0DFCFFBB05}.Debug|x64.Build.0 = Debug|Any CPU
		{75EF07E6-3FA7-4433-95B1-1C0DFCFFBB05}.Release|Any CPU.ActiveCfg = Release|Any CPU
		{75EF07E6-3FA7-4433-95B1-1C0DFCFFBB05}.Release|Any CPU.Build.0 = Release|Any CPU
		{75EF07E6-3FA7-4433-95B1-1C0DFCFFBB05}.Release|Mixed Platforms.ActiveCfg = Release|Any CPU
		{75EF07E6-3FA7-4433-95B1-1C0DFCFFBB05}.Release|Mixed Platforms.Build.0 = Release|Any CPU
		{75EF07E6-3FA7-4433-95B1-1C0DFCFFBB05}.Release|Win32.ActiveCfg = Release|Any CPU
		{75EF07E6-3FA7-4433-95B1-1C0DFCFFBB05}.Release|Win32.Build.0 = Release|Any CPU
		{75EF07E6-3FA7-4433-95B1-1C0DFCFFBB05}.Release|x64.ActiveCfg = Release|Any CPU
		{75EF07E6-3FA7-4433-95B1-1C0DFCFFBB05}.Release|x64.Build.0 = Release|Any CPU
		{28C06CEA-335F-4B52-BDBC-8DBD7DBA9FBE}.Debug|Any CPU.ActiveCfg = Debug|Any CPU
		{28C06CEA-335F-4B52-BDBC-8DBD7DBA9FBE}.Debug|Any CPU.Build.0 = Debug|Any CPU
		{28C06CEA-335F-4B52-BDBC-8DBD7DBA9FBE}.Debug|Mixed Platforms.ActiveCfg = Debug|Any CPU
		{28C06CEA-335F-4B52-BDBC-8DBD7DBA9FBE}.Debug|Mixed Platforms.Build.0 = Debug|Any CPU
		{28C06CEA-335F-4B52-BDBC-8DBD7DBA9FBE}.Debug|Win32.ActiveCfg = Debug|Any CPU
		{28C06CEA-335F-4B52-BDBC-8DBD7DBA9FBE}.Debug|Win32.Build.0 = Debug|Any CPU
		{28C06CEA-335F-4B52-BDBC-8DBD7DBA9FBE}.Debug|x64.ActiveCfg = Debug|Any CPU
		{28C06CEA-335F-4B52-BDBC-8DBD7DBA9FBE}.Debug|x64.Build.0 = Debug|Any CPU
		{28C06CEA-335F-4B52-BDBC-8DBD7DBA9FBE}.Release|Any CPU.ActiveCfg = Release|Any CPU
		{28C06CEA-335F-4B52-BDBC-8DBD7DBA9FBE}.Release|Any CPU.Build.0 = Release|Any CPU
		{28C06CEA-335F-4B52-BDBC-8DBD7DBA9FBE}.Release|Mixed Platforms.ActiveCfg = Release|Any CPU
		{28C06CEA-335F-4B52-BDBC-8DBD7DBA9FBE}.Release|Mixed Platforms.Build.0 = Release|Any CPU
		{28C06CEA-335F-4B52-BDBC-8DBD7DBA9FBE}.Release|Win32.ActiveCfg = Release|Any CPU
		{28C06CEA-335F-4B52-BDBC-8DBD7DBA9FBE}.Release|Win32.Build.0 = Release|Any CPU
		{28C06CEA-335F-4B52-BDBC-8DBD7DBA9FBE}.Release|x64.ActiveCfg = Release|Any CPU
		{28C06CEA-335F-4B52-BDBC-8DBD7DBA9FBE}.Release|x64.Build.0 = Release|Any CPU
		{50CF0299-37D5-4301-BBCE-E3A551EB772D}.Debug|Any CPU.ActiveCfg = Debug|Any CPU
		{50CF0299-37D5-4301-BBCE-E3A551EB772D}.Debug|Any CPU.Build.0 = Debug|Any CPU
		{50CF0299-37D5-4301-BBCE-E3A551EB772D}.Debug|Mixed Platforms.ActiveCfg = Debug|Any CPU
		{50CF0299-37D5-4301-BBCE-E3A551EB772D}.Debug|Mixed Platforms.Build.0 = Debug|Any CPU
		{50CF0299-37D5-4301-BBCE-E3A551EB772D}.Debug|Win32.ActiveCfg = Debug|Any CPU
		{50CF0299-37D5-4301-BBCE-E3A551EB772D}.Debug|Win32.Build.0 = Debug|Any CPU
		{50CF0299-37D5-4301-BBCE-E3A551EB772D}.Debug|x64.ActiveCfg = Debug|Any CPU
		{50CF0299-37D5-4301-BBCE-E3A551EB772D}.Debug|x64.Build.0 = Debug|Any CPU
		{50CF0299-37D5-4301-BBCE-E3A551EB772D}.Release|Any CPU.ActiveCfg = Release|Any CPU
		{50CF0299-37D5-4301-BBCE-E3A551EB772D}.Release|Any CPU.Build.0 = Release|Any CPU
		{50CF0299-37D5-4301-BBCE-E3A551EB772D}.Release|Mixed Platforms.ActiveCfg = Release|Any CPU
		{50CF0299-37D5-4301-BBCE-E3A551EB772D}.Release|Mixed Platforms.Build.0 = Release|Any CPU
		{50CF0299-37D5-4301-BBCE-E3A551EB772D}.Release|Win32.ActiveCfg = Release|Any CPU
		{50CF0299-37D5-4301-BBCE-E3A551EB772D}.Release|Win32.Build.0 = Release|Any CPU
		{50CF0299-37D5-4301-BBCE-E3A551EB772D}.Release|x64.ActiveCfg = Release|Any CPU
		{50CF0299-37D5-4301-BBCE-E3A551EB772D}.Release|x64.Build.0 = Release|Any CPU
		{7D5F15D3-4A4A-44E7-B8A8-A3A85AE14819}.Debug|Any CPU.ActiveCfg = Debug|Win32
		{7D5F15D3-4A4A-44E7-B8A8-A3A85AE14819}.Debug|Mixed Platforms.ActiveCfg = Debug|Win32
		{7D5F15D3-4A4A-44E7-B8A8-A3A85AE14819}.Debug|Mixed Platforms.Build.0 = Debug|Win32
		{7D5F15D3-4A4A-44E7-B8A8-A3A85AE14819}.Debug|Win32.ActiveCfg = Debug|Win32
		{7D5F15D3-4A4A-44E7-B8A8-A3A85AE14819}.Debug|Win32.Build.0 = Debug|Win32
		{7D5F15D3-4A4A-44E7-B8A8-A3A85AE14819}.Debug|x64.ActiveCfg = Debug|x64
		{7D5F15D3-4A4A-44E7-B8A8-A3A85AE14819}.Debug|x64.Build.0 = Debug|x64
		{7D5F15D3-4A4A-44E7-B8A8-A3A85AE14819}.Release|Any CPU.ActiveCfg = Release|Win32
		{7D5F15D3-4A4A-44E7-B8A8-A3A85AE14819}.Release|Mixed Platforms.ActiveCfg = Release|Win32
		{7D5F15D3-4A4A-44E7-B8A8-A3A85AE14819}.Release|Mixed Platforms.Build.0 = Release|Win32
		{7D5F15D3-4A4A-44E7-B8A8-A3A85AE14819}.Release|Win32.ActiveCfg = Release|Win32
		{7D5F15D3-4A4A-44E7-B8A8-A3A85AE14819}.Release|Win32.Build.0 = Release|Win32
		{7D5F15D3-4A4A-44E7-B8A8-A3A85AE14819}.Release|x64.ActiveCfg = Release|x64
		{7D5F15D3-4A4A-44E7-B8A8-A3A85AE14819}.Release|x64.Build.0 = Release|x64
		{6983BC0C-125A-4813-8D8D-4EA833780FAC}.Debug|Any CPU.ActiveCfg = Debug|Any CPU
		{6983BC0C-125A-4813-8D8D-4EA833780FAC}.Debug|Any CPU.Build.0 = Debug|Any CPU
		{6983BC0C-125A-4813-8D8D-4EA833780FAC}.Debug|Mixed Platforms.ActiveCfg = Debug|Any CPU
		{6983BC0C-125A-4813-8D8D-4EA833780FAC}.Debug|Mixed Platforms.Build.0 = Debug|Any CPU
		{6983BC0C-125A-4813-8D8D-4EA833780FAC}.Debug|Win32.ActiveCfg = Debug|Any CPU
		{6983BC0C-125A-4813-8D8D-4EA833780FAC}.Debug|Win32.Build.0 = Debug|Any CPU
		{6983BC0C-125A-4813-8D8D-4EA833780FAC}.Debug|x64.ActiveCfg = Debug|Any CPU
		{6983BC0C-125A-4813-8D8D-4EA833780FAC}.Debug|x64.Build.0 = Debug|Any CPU
		{6983BC0C-125A-4813-8D8D-4EA833780FAC}.Release|Any CPU.ActiveCfg = Release|Any CPU
		{6983BC0C-125A-4813-8D8D-4EA833780FAC}.Release|Any CPU.Build.0 = Release|Any CPU
		{6983BC0C-125A-4813-8D8D-4EA833780FAC}.Release|Mixed Platforms.ActiveCfg = Release|Any CPU
		{6983BC0C-125A-4813-8D8D-4EA833780FAC}.Release|Mixed Platforms.Build.0 = Release|Any CPU
		{6983BC0C-125A-4813-8D8D-4EA833780FAC}.Release|Win32.ActiveCfg = Release|Any CPU
		{6983BC0C-125A-4813-8D8D-4EA833780FAC}.Release|Win32.Build.0 = Release|Any CPU
		{6983BC0C-125A-4813-8D8D-4EA833780FAC}.Release|x64.ActiveCfg = Release|Any CPU
		{6983BC0C-125A-4813-8D8D-4EA833780FAC}.Release|x64.Build.0 = Release|Any CPU
		{6B0640C1-7BC7-4C6D-BAD5-354E6B5DD2A1}.Debug|Any CPU.ActiveCfg = Debug|Any CPU
		{6B0640C1-7BC7-4C6D-BAD5-354E6B5DD2A1}.Debug|Any CPU.Build.0 = Debug|Any CPU
		{6B0640C1-7BC7-4C6D-BAD5-354E6B5DD2A1}.Debug|Mixed Platforms.ActiveCfg = Debug|Any CPU
		{6B0640C1-7BC7-4C6D-BAD5-354E6B5DD2A1}.Debug|Mixed Platforms.Build.0 = Debug|Any CPU
		{6B0640C1-7BC7-4C6D-BAD5-354E6B5DD2A1}.Debug|Win32.ActiveCfg = Debug|Any CPU
		{6B0640C1-7BC7-4C6D-BAD5-354E6B5DD2A1}.Debug|Win32.Build.0 = Debug|Any CPU
		{6B0640C1-7BC7-4C6D-BAD5-354E6B5DD2A1}.Debug|x64.ActiveCfg = Debug|Any CPU
		{6B0640C1-7BC7-4C6D-BAD5-354E6B5DD2A1}.Debug|x64.Build.0 = Debug|Any CPU
		{6B0640C1-7BC7-4C6D-BAD5-354E6B5DD2A1}.Release|Any CPU.ActiveCfg = Release|Any CPU
		{6B0640C1-7BC7-4C6D-BAD5-354E6B5DD2A1}.Release|Any CPU.Build.0 = Release|Any CPU
		{6B0640C1-7BC7-4C6D-BAD5-354E6B5DD2A1}.Release|Mixed Platforms.ActiveCfg = Release|Any CPU
		{6B0640C1-7BC7-4C6D-BAD5-354E6B5DD2A1}.Release|Mixed Platforms.Build.0 = Release|Any CPU
		{6B0640C1-7BC7-4C6D-BAD5-354E6B5DD2A1}.Release|Win32.ActiveCfg = Release|Any CPU
		{6B0640C1-7BC7-4C6D-BAD5-354E6B5DD2A1}.Release|Win32.Build.0 = Release|Any CPU
		{6B0640C1-7BC7-4C6D-BAD5-354E6B5DD2A1}.Release|x64.ActiveCfg = Release|Any CPU
		{6B0640C1-7BC7-4C6D-BAD5-354E6B5DD2A1}.Release|x64.Build.0 = Release|Any CPU
		{1298F906-C564-4988-85F8-E71BDDD83F16}.Debug|Any CPU.ActiveCfg = Debug|Any CPU
		{1298F906-C564-4988-85F8-E71BDDD83F16}.Debug|Any CPU.Build.0 = Debug|Any CPU
		{1298F906-C564-4988-85F8-E71BDDD83F16}.Debug|Mixed Platforms.ActiveCfg = Debug|Any CPU
		{1298F906-C564-4988-85F8-E71BDDD83F16}.Debug|Mixed Platforms.Build.0 = Debug|Any CPU
		{1298F906-C564-4988-85F8-E71BDDD83F16}.Debug|Win32.ActiveCfg = Debug|Any CPU
		{1298F906-C564-4988-85F8-E71BDDD83F16}.Debug|Win32.Build.0 = Debug|Any CPU
		{1298F906-C564-4988-85F8-E71BDDD83F16}.Debug|x64.ActiveCfg = Debug|Any CPU
		{1298F906-C564-4988-85F8-E71BDDD83F16}.Debug|x64.Build.0 = Debug|Any CPU
		{1298F906-C564-4988-85F8-E71BDDD83F16}.Release|Any CPU.ActiveCfg = Release|Any CPU
		{1298F906-C564-4988-85F8-E71BDDD83F16}.Release|Any CPU.Build.0 = Release|Any CPU
		{1298F906-C564-4988-85F8-E71BDDD83F16}.Release|Mixed Platforms.ActiveCfg = Release|Any CPU
		{1298F906-C564-4988-85F8-E71BDDD83F16}.Release|Mixed Platforms.Build.0 = Release|Any CPU
		{1298F906-C564-4988-85F8-E71BDDD83F16}.Release|Win32.ActiveCfg = Release|Any CPU
		{1298F906-C564-4988-85F8-E71BDDD83F16}.Release|Win32.Build.0 = Release|Any CPU
		{1298F906-C564-4988-85F8-E71BDDD83F16}.Release|x64.ActiveCfg = Release|Any CPU
		{1298F906-C564-4988-85F8-E71BDDD83F16}.Release|x64.Build.0 = Release|Any CPU
		{5A461B6D-5E6B-4809-B5A7-D550FB6C1CF5}.Debug|Any CPU.ActiveCfg = Debug|Any CPU
		{5A461B6D-5E6B-4809-B5A7-D550FB6C1CF5}.Debug|Any CPU.Build.0 = Debug|Any CPU
		{5A461B6D-5E6B-4809-B5A7-D550FB6C1CF5}.Debug|Mixed Platforms.ActiveCfg = Debug|Any CPU
		{5A461B6D-5E6B-4809-B5A7-D550FB6C1CF5}.Debug|Mixed Platforms.Build.0 = Debug|Any CPU
		{5A461B6D-5E6B-4809-B5A7-D550FB6C1CF5}.Debug|Win32.ActiveCfg = Debug|Any CPU
		{5A461B6D-5E6B-4809-B5A7-D550FB6C1CF5}.Debug|Win32.Build.0 = Debug|Any CPU
		{5A461B6D-5E6B-4809-B5A7-D550FB6C1CF5}.Debug|x64.ActiveCfg = Debug|Any CPU
		{5A461B6D-5E6B-4809-B5A7-D550FB6C1CF5}.Debug|x64.Build.0 = Debug|Any CPU
		{5A461B6D-5E6B-4809-B5A7-D550FB6C1CF5}.Release|Any CPU.ActiveCfg = Release|Any CPU
		{5A461B6D-5E6B-4809-B5A7-D550FB6C1CF5}.Release|Any CPU.Build.0 = Release|Any CPU
		{5A461B6D-5E6B-4809-B5A7-D550FB6C1CF5}.Release|Mixed Platforms.ActiveCfg = Release|Any CPU
		{5A461B6D-5E6B-4809-B5A7-D550FB6C1CF5}.Release|Mixed Platforms.Build.0 = Release|Any CPU
		{5A461B6D-5E6B-4809-B5A7-D550FB6C1CF5}.Release|Win32.ActiveCfg = Release|Any CPU
		{5A461B6D-5E6B-4809-B5A7-D550FB6C1CF5}.Release|Win32.Build.0 = Release|Any CPU
		{5A461B6D-5E6B-4809-B5A7-D550FB6C1CF5}.Release|x64.ActiveCfg = Release|Any CPU
		{5A461B6D-5E6B-4809-B5A7-D550FB6C1CF5}.Release|x64.Build.0 = Release|Any CPU
		{AA212597-BF41-4773-89BA-8F6FEF2CB98D}.Debug|Any CPU.ActiveCfg = Debug|Any CPU
		{AA212597-BF41-4773-89BA-8F6FEF2CB98D}.Debug|Any CPU.Build.0 = Debug|Any CPU
		{AA212597-BF41-4773-89BA-8F6FEF2CB98D}.Debug|Mixed Platforms.ActiveCfg = Debug|Any CPU
		{AA212597-BF41-4773-89BA-8F6FEF2CB98D}.Debug|Mixed Platforms.Build.0 = Debug|Any CPU
		{AA212597-BF41-4773-89BA-8F6FEF2CB98D}.Debug|Win32.ActiveCfg = Debug|Any CPU
		{AA212597-BF41-4773-89BA-8F6FEF2CB98D}.Debug|Win32.Build.0 = Debug|Any CPU
		{AA212597-BF41-4773-89BA-8F6FEF2CB98D}.Debug|x64.ActiveCfg = Debug|Any CPU
		{AA212597-BF41-4773-89BA-8F6FEF2CB98D}.Debug|x64.Build.0 = Debug|Any CPU
		{AA212597-BF41-4773-89BA-8F6FEF2CB98D}.Release|Any CPU.ActiveCfg = Release|Any CPU
		{AA212597-BF41-4773-89BA-8F6FEF2CB98D}.Release|Any CPU.Build.0 = Release|Any CPU
		{AA212597-BF41-4773-89BA-8F6FEF2CB98D}.Release|Mixed Platforms.ActiveCfg = Release|Any CPU
		{AA212597-BF41-4773-89BA-8F6FEF2CB98D}.Release|Mixed Platforms.Build.0 = Release|Any CPU
		{AA212597-BF41-4773-89BA-8F6FEF2CB98D}.Release|Win32.ActiveCfg = Release|Any CPU
		{AA212597-BF41-4773-89BA-8F6FEF2CB98D}.Release|Win32.Build.0 = Release|Any CPU
		{AA212597-BF41-4773-89BA-8F6FEF2CB98D}.Release|x64.ActiveCfg = Release|Any CPU
		{AA212597-BF41-4773-89BA-8F6FEF2CB98D}.Release|x64.Build.0 = Release|Any CPU
		{3F81EBD7-D9B0-41D2-87EE-8E087B719258}.Debug|Any CPU.ActiveCfg = Debug|x64
		{3F81EBD7-D9B0-41D2-87EE-8E087B719258}.Debug|Mixed Platforms.ActiveCfg = Debug|x64
		{3F81EBD7-D9B0-41D2-87EE-8E087B719258}.Debug|Mixed Platforms.Build.0 = Debug|x64
		{3F81EBD7-D9B0-41D2-87EE-8E087B719258}.Debug|Win32.ActiveCfg = Debug|x64
		{3F81EBD7-D9B0-41D2-87EE-8E087B719258}.Debug|x64.ActiveCfg = Debug|x64
		{3F81EBD7-D9B0-41D2-87EE-8E087B719258}.Debug|x64.Build.0 = Debug|x64
		{3F81EBD7-D9B0-41D2-87EE-8E087B719258}.Release|Any CPU.ActiveCfg = Release|x64
		{3F81EBD7-D9B0-41D2-87EE-8E087B719258}.Release|Mixed Platforms.ActiveCfg = Release|x64
		{3F81EBD7-D9B0-41D2-87EE-8E087B719258}.Release|Mixed Platforms.Build.0 = Release|x64
		{3F81EBD7-D9B0-41D2-87EE-8E087B719258}.Release|Win32.ActiveCfg = Release|x64
		{3F81EBD7-D9B0-41D2-87EE-8E087B719258}.Release|x64.ActiveCfg = Release|x64
		{3F81EBD7-D9B0-41D2-87EE-8E087B719258}.Release|x64.Build.0 = Release|x64
	EndGlobalSection
	GlobalSection(SolutionProperties) = preSolution
		HideSolutionNode = FALSE
	EndGlobalSection
EndGlobal
