
Microsoft Visual Studio Solution File, Format Version 12.00
# Visual Studio 14
VisualStudioVersion = 14.0.25123.0
MinimumVisualStudioVersion = 10.0.40219.1
Project("{FAE04EC0-301F-11D3-BF4B-00C04F79EFBC}") = "ApplyOffsetPlugin", "ApplyOffsetPlugin\ApplyOffsetPlugin.csproj", "{E31B8BEC-E8F8-4513-9ADC-43AE641F1A7F}"
EndProject
Project("{FAE04EC0-301F-11D3-BF4B-00C04F79EFBC}") = "ApplyNoisePlugin", "ApplyNoisePlugin\ApplyNoisePlugin.csproj", "{62278749-7083-4D8D-8F00-599F88489E3D}"
EndProject
Project("{FAE04EC0-301F-11D3-BF4B-00C04F79EFBC}") = "DetailedStatusPlugin", "DetailedStatusPlugin\DetailedStatusPlugin.csproj", "{75EF07E6-3FA7-4433-95B1-1C0DFCFFBB05}"
EndProject
Project("{FAE04EC0-301F-11D3-BF4B-00C04F79EFBC}") = "GetMmdTransformationPlugin", "GetMmdTransformationPlugin\GetMmdTransformationPlugin.csproj", "{28C06CEA-335F-4B52-BDBC-8DBD7DBA9FBE}"
	ProjectSection(ProjectDependencies) = postProject
		{7D5F15D3-4A4A-44E7-B8A8-A3A85AE14819} = {7D5F15D3-4A4A-44E7-B8A8-A3A85AE14819}
		{8DC503A7-C9C6-4CED-B0B5-8A15D72F73C3} = {8DC503A7-C9C6-4CED-B0B5-8A15D72F73C3}
	EndProjectSection
EndProject
Project("{FAE04EC0-301F-11D3-BF4B-00C04F79EFBC}") = "SetMmdTransformationPlugin", "SetMmdTransformationPlugin\SetMmdTransformationPlugin.csproj", "{50CF0299-37D5-4301-BBCE-E3A551EB772D}"
	ProjectSection(ProjectDependencies) = postProject
		{29EDD9B2-8868-4D79-A527-192F66F1C04C} = {29EDD9B2-8868-4D79-A527-192F66F1C04C}
	EndProjectSection
EndProject
Project("{8BC9CEB8-8B4A-11D0-8D11-00A0C91BC942}") = "GetMmdTransformationProxy", "GetMmdTransformationProxy\GetMmdTransformationProxy.vcxproj", "{7D5F15D3-4A4A-44E7-B8A8-A3A85AE14819}"
EndProject
Project("{FAE04EC0-301F-11D3-BF4B-00C04F79EFBC}") = "ApplyRotationPlugin", "ApplyRotationPlugin\ApplyRotationPlugin.csproj", "{6983BC0C-125A-4813-8D8D-4EA833780FAC}"
EndProject
Project("{FAE04EC0-301F-11D3-BF4B-00C04F79EFBC}") = "AnimateCaptionPlugin", "AnimateCaptionPlugin\AnimateCaptionPlugin.csproj", "{6B0640C1-7BC7-4C6D-BAD5-354E6B5DD2A1}"
EndProject
Project("{FAE04EC0-301F-11D3-BF4B-00C04F79EFBC}") = "BeatBasedCopyPlugin", "BeatBasedCopyPlugin\BeatBasedCopyPlugin.csproj", "{1298F906-C564-4988-85F8-E71BDDD83F16}"
EndProject
Project("{FAE04EC0-301F-11D3-BF4B-00C04F79EFBC}") = "DetailedTimePlugin", "DetailedTimePlugin\DetailedTimePlugin.csproj", "{5A461B6D-5E6B-4809-B5A7-D550FB6C1CF5}"
EndProject
Project("{FAE04EC0-301F-11D3-BF4B-00C04F79EFBC}") = "RevertFramesPlugin", "RevertFramesPlugin\RevertFramesPlugin.csproj", "{AA212597-BF41-4773-89BA-8F6FEF2CB98D}"
EndProject
Project("{2150E333-8FDC-42A3-9474-1A3956D46DE8}") = "Solution Items", "Solution Items", "{C680A741-E04F-41C9-B2FD-C1AF3FB3EC9D}"
	ProjectSection(SolutionItems) = preProject
		MMMInstallPlugin.bat = MMMInstallPlugin.bat
		readme.txt = readme.txt
		.gitignore = .gitignore
	EndProjectSection
EndProject
Project("{FAE04EC0-301F-11D3-BF4B-00C04F79EFBC}") = "GetMmdTransformationContainer", "GetMmdTransformationContainer\GetMmdTransformationContainer.csproj", "{8DC503A7-C9C6-4CED-B0B5-8A15D72F73C3}"
	ProjectSection(ProjectDependencies) = postProject
		{7D5F15D3-4A4A-44E7-B8A8-A3A85AE14819} = {7D5F15D3-4A4A-44E7-B8A8-A3A85AE14819}
	EndProjectSection
EndProject
Project("{D954291E-2A0B-460D-934E-DC6B0785DB48}") = "PluginFramework", "PluginFramework\PluginFramework.shproj", "{EA43785B-3937-4ECA-85DD-EB7E7E0DB416}"
EndProject
Project("{FAE04EC0-301F-11D3-BF4B-00C04F79EFBC}") = "OleDragDrop", "OleDragDrop\OleDragDrop.csproj", "{29EDD9B2-8868-4D79-A527-192F66F1C04C}"
	ProjectSection(ProjectDependencies) = postProject
		{200E3416-22AD-4B34-BADC-3A964888BDDD} = {200E3416-22AD-4B34-BADC-3A964888BDDD}
	EndProjectSection
EndProject
Project("{8BC9CEB8-8B4A-11D0-8D11-00A0C91BC942}") = "OleDragDropProxy", "OleDragDropProxy\OleDragDropProxy.vcxproj", "{200E3416-22AD-4B34-BADC-3A964888BDDD}"
EndProject
Project("{D954291E-2A0B-460D-934E-DC6B0785DB48}") = "InteropFramework", "InteropFramework\InteropFramework.shproj", "{A035AFA1-4440-4F11-8077-E2172733C425}"
EndProject
Global
	GlobalSection(SolutionConfigurationPlatforms) = preSolution
		Debug|Any CPU = Debug|Any CPU
		Debug|x64 = Debug|x64
		Debug|x86 = Debug|x86
		Release|Any CPU = Release|Any CPU
		Release|x64 = Release|x64
		Release|x86 = Release|x86
	EndGlobalSection
	GlobalSection(ProjectConfigurationPlatforms) = postSolution
		{E31B8BEC-E8F8-4513-9ADC-43AE641F1A7F}.Debug|Any CPU.ActiveCfg = Debug|Any CPU
		{E31B8BEC-E8F8-4513-9ADC-43AE641F1A7F}.Debug|Any CPU.Build.0 = Debug|Any CPU
		{E31B8BEC-E8F8-4513-9ADC-43AE641F1A7F}.Release|Any CPU.ActiveCfg = Release|Any CPU
		{E31B8BEC-E8F8-4513-9ADC-43AE641F1A7F}.Release|Any CPU.Build.0 = Release|Any CPU
		{62278749-7083-4D8D-8F00-599F88489E3D}.Debug|Any CPU.ActiveCfg = Debug|Any CPU
		{62278749-7083-4D8D-8F00-599F88489E3D}.Debug|Any CPU.Build.0 = Debug|Any CPU
		{62278749-7083-4D8D-8F00-599F88489E3D}.Release|Any CPU.ActiveCfg = Release|Any CPU
		{62278749-7083-4D8D-8F00-599F88489E3D}.Release|Any CPU.Build.0 = Release|Any CPU
		{75EF07E6-3FA7-4433-95B1-1C0DFCFFBB05}.Debug|Any CPU.ActiveCfg = Debug|Any CPU
		{75EF07E6-3FA7-4433-95B1-1C0DFCFFBB05}.Debug|Any CPU.Build.0 = Debug|Any CPU
		{75EF07E6-3FA7-4433-95B1-1C0DFCFFBB05}.Release|Any CPU.ActiveCfg = Release|Any CPU
		{75EF07E6-3FA7-4433-95B1-1C0DFCFFBB05}.Release|Any CPU.Build.0 = Release|Any CPU
		{28C06CEA-335F-4B52-BDBC-8DBD7DBA9FBE}.Debug|Any CPU.ActiveCfg = Debug|Any CPU
		{28C06CEA-335F-4B52-BDBC-8DBD7DBA9FBE}.Debug|Any CPU.Build.0 = Debug|Any CPU
		{28C06CEA-335F-4B52-BDBC-8DBD7DBA9FBE}.Release|Any CPU.ActiveCfg = Release|Any CPU
		{28C06CEA-335F-4B52-BDBC-8DBD7DBA9FBE}.Release|Any CPU.Build.0 = Release|Any CPU
		{50CF0299-37D5-4301-BBCE-E3A551EB772D}.Debug|Any CPU.ActiveCfg = Debug|Any CPU
		{50CF0299-37D5-4301-BBCE-E3A551EB772D}.Debug|Any CPU.Build.0 = Debug|Any CPU
		{50CF0299-37D5-4301-BBCE-E3A551EB772D}.Release|Any CPU.ActiveCfg = Release|Any CPU
		{50CF0299-37D5-4301-BBCE-E3A551EB772D}.Release|Any CPU.Build.0 = Release|Any CPU
		{7D5F15D3-4A4A-44E7-B8A8-A3A85AE14819}.Debug|x64.ActiveCfg = Debug|x64
		{7D5F15D3-4A4A-44E7-B8A8-A3A85AE14819}.Debug|x64.Build.0 = Debug|x64
		{7D5F15D3-4A4A-44E7-B8A8-A3A85AE14819}.Release|x64.ActiveCfg = Release|x64
		{7D5F15D3-4A4A-44E7-B8A8-A3A85AE14819}.Release|x64.Build.0 = Release|x64
		{7D5F15D3-4A4A-44E7-B8A8-A3A85AE14819}.Debug|x86.ActiveCfg = Debug|Win32
		{7D5F15D3-4A4A-44E7-B8A8-A3A85AE14819}.Debug|x86.Build.0 = Debug|Win32
		{7D5F15D3-4A4A-44E7-B8A8-A3A85AE14819}.Release|x86.ActiveCfg = Release|Win32
		{7D5F15D3-4A4A-44E7-B8A8-A3A85AE14819}.Release|x86.Build.0 = Release|Win32
		{6983BC0C-125A-4813-8D8D-4EA833780FAC}.Debug|Any CPU.ActiveCfg = Debug|Any CPU
		{6983BC0C-125A-4813-8D8D-4EA833780FAC}.Debug|Any CPU.Build.0 = Debug|Any CPU
		{6983BC0C-125A-4813-8D8D-4EA833780FAC}.Release|Any CPU.ActiveCfg = Release|Any CPU
		{6983BC0C-125A-4813-8D8D-4EA833780FAC}.Release|Any CPU.Build.0 = Release|Any CPU
		{6B0640C1-7BC7-4C6D-BAD5-354E6B5DD2A1}.Debug|Any CPU.ActiveCfg = Debug|Any CPU
		{6B0640C1-7BC7-4C6D-BAD5-354E6B5DD2A1}.Debug|Any CPU.Build.0 = Debug|Any CPU
		{6B0640C1-7BC7-4C6D-BAD5-354E6B5DD2A1}.Release|Any CPU.ActiveCfg = Release|Any CPU
		{6B0640C1-7BC7-4C6D-BAD5-354E6B5DD2A1}.Release|Any CPU.Build.0 = Release|Any CPU
		{1298F906-C564-4988-85F8-E71BDDD83F16}.Debug|Any CPU.ActiveCfg = Debug|Any CPU
		{1298F906-C564-4988-85F8-E71BDDD83F16}.Debug|Any CPU.Build.0 = Debug|Any CPU
		{1298F906-C564-4988-85F8-E71BDDD83F16}.Release|Any CPU.ActiveCfg = Release|Any CPU
		{1298F906-C564-4988-85F8-E71BDDD83F16}.Release|Any CPU.Build.0 = Release|Any CPU
		{5A461B6D-5E6B-4809-B5A7-D550FB6C1CF5}.Debug|Any CPU.ActiveCfg = Debug|Any CPU
		{5A461B6D-5E6B-4809-B5A7-D550FB6C1CF5}.Debug|Any CPU.Build.0 = Debug|Any CPU
		{5A461B6D-5E6B-4809-B5A7-D550FB6C1CF5}.Release|Any CPU.ActiveCfg = Release|Any CPU
		{5A461B6D-5E6B-4809-B5A7-D550FB6C1CF5}.Release|Any CPU.Build.0 = Release|Any CPU
		{AA212597-BF41-4773-89BA-8F6FEF2CB98D}.Debug|Any CPU.ActiveCfg = Debug|Any CPU
		{AA212597-BF41-4773-89BA-8F6FEF2CB98D}.Debug|Any CPU.Build.0 = Debug|Any CPU
		{AA212597-BF41-4773-89BA-8F6FEF2CB98D}.Release|Any CPU.ActiveCfg = Release|Any CPU
		{AA212597-BF41-4773-89BA-8F6FEF2CB98D}.Release|Any CPU.Build.0 = Release|Any CPU
		{8DC503A7-C9C6-4CED-B0B5-8A15D72F73C3}.Debug|x64.ActiveCfg = Debug|x64
		{8DC503A7-C9C6-4CED-B0B5-8A15D72F73C3}.Debug|x64.Build.0 = Debug|x64
		{8DC503A7-C9C6-4CED-B0B5-8A15D72F73C3}.Release|x64.ActiveCfg = Release|x64
		{8DC503A7-C9C6-4CED-B0B5-8A15D72F73C3}.Release|x64.Build.0 = Release|x64
		{8DC503A7-C9C6-4CED-B0B5-8A15D72F73C3}.Release|x86.ActiveCfg = Release|x86
		{8DC503A7-C9C6-4CED-B0B5-8A15D72F73C3}.Release|x86.Build.0 = Release|x86
		{8DC503A7-C9C6-4CED-B0B5-8A15D72F73C3}.Debug|x86.ActiveCfg = Debug|x86
		{8DC503A7-C9C6-4CED-B0B5-8A15D72F73C3}.Debug|x86.Build.0 = Debug|x86
		{29EDD9B2-8868-4D79-A527-192F66F1C04C}.Debug|x64.ActiveCfg = Debug|x64
		{29EDD9B2-8868-4D79-A527-192F66F1C04C}.Debug|x64.Build.0 = Debug|x64
		{29EDD9B2-8868-4D79-A527-192F66F1C04C}.Debug|x86.ActiveCfg = Debug|x86
		{29EDD9B2-8868-4D79-A527-192F66F1C04C}.Debug|x86.Build.0 = Debug|x86
		{29EDD9B2-8868-4D79-A527-192F66F1C04C}.Release|x64.ActiveCfg = Release|x64
		{29EDD9B2-8868-4D79-A527-192F66F1C04C}.Release|x64.Build.0 = Release|x64
		{29EDD9B2-8868-4D79-A527-192F66F1C04C}.Release|x86.ActiveCfg = Release|x86
		{29EDD9B2-8868-4D79-A527-192F66F1C04C}.Release|x86.Build.0 = Release|x86
		{200E3416-22AD-4B34-BADC-3A964888BDDD}.Debug|x64.ActiveCfg = Debug|x64
		{200E3416-22AD-4B34-BADC-3A964888BDDD}.Debug|x64.Build.0 = Debug|x64
		{200E3416-22AD-4B34-BADC-3A964888BDDD}.Debug|x86.ActiveCfg = Debug|Win32
		{200E3416-22AD-4B34-BADC-3A964888BDDD}.Debug|x86.Build.0 = Debug|Win32
		{200E3416-22AD-4B34-BADC-3A964888BDDD}.Release|x64.ActiveCfg = Release|x64
		{200E3416-22AD-4B34-BADC-3A964888BDDD}.Release|x64.Build.0 = Release|x64
		{200E3416-22AD-4B34-BADC-3A964888BDDD}.Release|x86.ActiveCfg = Release|Win32
		{200E3416-22AD-4B34-BADC-3A964888BDDD}.Release|x86.Build.0 = Release|Win32
	EndGlobalSection
	GlobalSection(SolutionProperties) = preSolution
		HideSolutionNode = FALSE
	EndGlobalSection
EndGlobal
